
Microsoft Visual Studio Solution File, Format Version 12.00
# Visual Studio Version 16
VisualStudioVersion = 16.0.29519.181
MinimumVisualStudioVersion = 10.0.40219.1
Project("{FAE04EC0-301F-11D3-BF4B-00C04F79EFBC}") = "CoreWebApi", "CoreWebApi\CoreWebApi.csproj", "{F4CA2343-9400-4BAF-9062-69688F762505}"
EndProject
Project("{FAE04EC0-301F-11D3-BF4B-00C04F79EFBC}") = "SqlProvider", "SqlProvider\SqlProvider.csproj", "{34647FCD-53F9-414A-82E8-B16EA20CAF80}"
EndProject
Global
	GlobalSection(SolutionConfigurationPlatforms) = preSolution
		Debug|Any CPU = Debug|Any CPU
		Release|Any CPU = Release|Any CPU
	EndGlobalSection
	GlobalSection(ProjectConfigurationPlatforms) = postSolution
		{F4CA2343-9400-4BAF-9062-69688F762505}.Debug|Any CPU.ActiveCfg = Debug|Any CPU
		{F4CA2343-9400-4BAF-9062-69688F762505}.Debug|Any CPU.Build.0 = Debug|Any CPU
		{F4CA2343-9400-4BAF-9062-69688F762505}.Release|Any CPU.ActiveCfg = Release|Any CPU
		{F4CA2343-9400-4BAF-9062-69688F762505}.Release|Any CPU.Build.0 = Release|Any CPU
		{34647FCD-53F9-414A-82E8-B16EA20CAF80}.Debug|Any CPU.ActiveCfg = Debug|Any CPU
		{34647FCD-53F9-414A-82E8-B16EA20CAF80}.Debug|Any CPU.Build.0 = Debug|Any CPU
		{34647FCD-53F9-414A-82E8-B16EA20CAF80}.Release|Any CPU.ActiveCfg = Release|Any CPU
		{34647FCD-53F9-414A-82E8-B16EA20CAF80}.Release|Any CPU.Build.0 = Release|Any CPU
	EndGlobalSection
	GlobalSection(SolutionProperties) = preSolution
		HideSolutionNode = FALSE
	EndGlobalSection
	GlobalSection(ExtensibilityGlobals) = postSolution
		SolutionGuid = {A58954EE-B95C-4034-907E-37B837B3A0F5}
	EndGlobalSection
EndGlobal
